
Microsoft Visual Studio Solution File, Format Version 12.00
Project("{FAE04EC0-301F-11D3-BF4B-00C04F79EFBC}") = "IdentityServer", "IdentityServer\IdentityServer.csproj", "{5E6CD284-A5AE-4E6C-BCC7-DBA5EDCB9023}"
EndProject
Project("{FAE04EC0-301F-11D3-BF4B-00C04F79EFBC}") = "Api", "Api\Api.csproj", "{7D74AF9C-DACF-44CC-AA9E-CA9E7FE9E646}"
EndProject
Project("{FAE04EC0-301F-11D3-BF4B-00C04F79EFBC}") = "Domain", "Domain\Domain.csproj", "{77697721-2EC4-4334-9C1A-BC6E7B74A98F}"
EndProject
Project("{2150E333-8FDC-42A3-9474-1A3956D46DE8}") = "Core", "Core", "{CDBEF8E0-0BE2-41B4-940B-A83F4A292CF2}"
EndProject
Project("{FAE04EC0-301F-11D3-BF4B-00C04F79EFBC}") = "Application", "Application\Application.csproj", "{44DEF3F6-05FE-4340-9EC6-209791B60EEC}"
EndProject
Project("{2150E333-8FDC-42A3-9474-1A3956D46DE8}") = "Presentation", "Presentation", "{30691C00-837F-4145-8C24-4E6AE675ED8E}"
EndProject
Project("{2150E333-8FDC-42A3-9474-1A3956D46DE8}") = "Infrastructure", "Infrastructure", "{FE5DEC7B-CEF6-4F0B-B935-16D75FB76D09}"
EndProject
Project("{FAE04EC0-301F-11D3-BF4B-00C04F79EFBC}") = "Persistence", "Persistence\Persistence.csproj", "{7491B1EE-A5BF-4318-BB2A-C1A6E56F2FAE}"
EndProject
Global
	GlobalSection(SolutionConfigurationPlatforms) = preSolution
		Debug|Any CPU = Debug|Any CPU
		Release|Any CPU = Release|Any CPU
	EndGlobalSection
	GlobalSection(ProjectConfigurationPlatforms) = postSolution
		{5E6CD284-A5AE-4E6C-BCC7-DBA5EDCB9023}.Debug|Any CPU.ActiveCfg = Debug|Any CPU
		{5E6CD284-A5AE-4E6C-BCC7-DBA5EDCB9023}.Debug|Any CPU.Build.0 = Debug|Any CPU
		{5E6CD284-A5AE-4E6C-BCC7-DBA5EDCB9023}.Release|Any CPU.ActiveCfg = Release|Any CPU
		{5E6CD284-A5AE-4E6C-BCC7-DBA5EDCB9023}.Release|Any CPU.Build.0 = Release|Any CPU
		{7D74AF9C-DACF-44CC-AA9E-CA9E7FE9E646}.Debug|Any CPU.ActiveCfg = Debug|Any CPU
		{7D74AF9C-DACF-44CC-AA9E-CA9E7FE9E646}.Debug|Any CPU.Build.0 = Debug|Any CPU
		{7D74AF9C-DACF-44CC-AA9E-CA9E7FE9E646}.Release|Any CPU.ActiveCfg = Release|Any CPU
		{7D74AF9C-DACF-44CC-AA9E-CA9E7FE9E646}.Release|Any CPU.Build.0 = Release|Any CPU
		{77697721-2EC4-4334-9C1A-BC6E7B74A98F}.Debug|Any CPU.ActiveCfg = Debug|Any CPU
		{77697721-2EC4-4334-9C1A-BC6E7B74A98F}.Debug|Any CPU.Build.0 = Debug|Any CPU
		{77697721-2EC4-4334-9C1A-BC6E7B74A98F}.Release|Any CPU.ActiveCfg = Release|Any CPU
		{77697721-2EC4-4334-9C1A-BC6E7B74A98F}.Release|Any CPU.Build.0 = Release|Any CPU
		{44DEF3F6-05FE-4340-9EC6-209791B60EEC}.Debug|Any CPU.ActiveCfg = Debug|Any CPU
		{44DEF3F6-05FE-4340-9EC6-209791B60EEC}.Debug|Any CPU.Build.0 = Debug|Any CPU
		{44DEF3F6-05FE-4340-9EC6-209791B60EEC}.Release|Any CPU.ActiveCfg = Release|Any CPU
		{44DEF3F6-05FE-4340-9EC6-209791B60EEC}.Release|Any CPU.Build.0 = Release|Any CPU
		{7491B1EE-A5BF-4318-BB2A-C1A6E56F2FAE}.Debug|Any CPU.ActiveCfg = Debug|Any CPU
		{7491B1EE-A5BF-4318-BB2A-C1A6E56F2FAE}.Debug|Any CPU.Build.0 = Debug|Any CPU
		{7491B1EE-A5BF-4318-BB2A-C1A6E56F2FAE}.Release|Any CPU.ActiveCfg = Release|Any CPU
		{7491B1EE-A5BF-4318-BB2A-C1A6E56F2FAE}.Release|Any CPU.Build.0 = Release|Any CPU
	EndGlobalSection
	GlobalSection(NestedProjects) = preSolution
		{77697721-2EC4-4334-9C1A-BC6E7B74A98F} = {CDBEF8E0-0BE2-41B4-940B-A83F4A292CF2}
		{44DEF3F6-05FE-4340-9EC6-209791B60EEC} = {CDBEF8E0-0BE2-41B4-940B-A83F4A292CF2}
		{7D74AF9C-DACF-44CC-AA9E-CA9E7FE9E646} = {30691C00-837F-4145-8C24-4E6AE675ED8E}
		{7491B1EE-A5BF-4318-BB2A-C1A6E56F2FAE} = {FE5DEC7B-CEF6-4F0B-B935-16D75FB76D09}
	EndGlobalSection
EndGlobal
